
Microsoft Visual Studio Solution File, Format Version 12.00
# Visual Studio Version 16
VisualStudioVersion = 16.0.810.21
MinimumVisualStudioVersion = 10.0.40219.1
Project("{FAE04EC0-301F-11D3-BF4B-00C04F79EFBC}") = "ThumbnailFunctionApp", "ThumbnailFunctionApp.csproj", "{AE29DEBC-F3C6-4869-A672-4A8FADB0A3BA}"
EndProject
Global
	GlobalSection(SolutionConfigurationPlatforms) = preSolution
		Debug|Any CPU = Debug|Any CPU
		Release|Any CPU = Release|Any CPU
	EndGlobalSection
	GlobalSection(ProjectConfigurationPlatforms) = postSolution
		{AE29DEBC-F3C6-4869-A672-4A8FADB0A3BA}.Debug|Any CPU.ActiveCfg = Debug|Any CPU
		{AE29DEBC-F3C6-4869-A672-4A8FADB0A3BA}.Debug|Any CPU.Build.0 = Debug|Any CPU
		{AE29DEBC-F3C6-4869-A672-4A8FADB0A3BA}.Release|Any CPU.ActiveCfg = Release|Any CPU
		{AE29DEBC-F3C6-4869-A672-4A8FADB0A3BA}.Release|Any CPU.Build.0 = Release|Any CPU
	EndGlobalSection
	GlobalSection(SolutionProperties) = preSolution
		HideSolutionNode = FALSE
	EndGlobalSection
	GlobalSection(ExtensibilityGlobals) = postSolution
		SolutionGuid = {CAA4F14D-DA3D-48F7-BA81-F1193A3D962F}
	EndGlobalSection
EndGlobal
